// !$*UTF8*$!
{
	archiveVersion = 1;
	classes = {
	};
	objectVersion = 50;
	objects = {

/* Begin PBXBuildFile section */
		830CBCF325117332003126D2 /* AppDelegate.swift in Sources */ = {isa = PBXBuildFile; fileRef = 830CBCF225117332003126D2 /* AppDelegate.swift */; };
		830CBCF525117332003126D2 /* SceneDelegate.swift in Sources */ = {isa = PBXBuildFile; fileRef = 830CBCF425117332003126D2 /* SceneDelegate.swift */; };
		830CBCF725117332003126D2 /* ViewController.swift in Sources */ = {isa = PBXBuildFile; fileRef = 830CBCF625117332003126D2 /* ViewController.swift */; };
		830CBCFA25117332003126D2 /* Main.storyboard in Resources */ = {isa = PBXBuildFile; fileRef = 830CBCF825117332003126D2 /* Main.storyboard */; };
		830CBCFC25117332003126D2 /* Assets.xcassets in Resources */ = {isa = PBXBuildFile; fileRef = 830CBCFB25117332003126D2 /* Assets.xcassets */; };
		830CBCFF25117332003126D2 /* LaunchScreen.storyboard in Resources */ = {isa = PBXBuildFile; fileRef = 830CBCFD25117332003126D2 /* LaunchScreen.storyboard */; };
		830CBD0A25117333003126D2 /* AudioAppTests.swift in Sources */ = {isa = PBXBuildFile; fileRef = 830CBD0925117333003126D2 /* AudioAppTests.swift */; };
		830CBD1525117333003126D2 /* AudioAppUITests.swift in Sources */ = {isa = PBXBuildFile; fileRef = 830CBD1425117333003126D2 /* AudioAppUITests.swift */; };
/* End PBXBuildFile section */

/* Begin PBXContainerItemProxy section */
		830CBD0625117333003126D2 /* PBXContainerItemProxy */ = {
			isa = PBXContainerItemProxy;
			containerPortal = 830CBCE725117332003126D2 /* Project object */;
			proxyType = 1;
			remoteGlobalIDString = 830CBCEE25117332003126D2;
			remoteInfo = AudioApp;
		};
		830CBD1125117333003126D2 /* PBXContainerItemProxy */ = {
			isa = PBXContainerItemProxy;
			containerPortal = 830CBCE725117332003126D2 /* Project object */;
			proxyType = 1;
			remoteGlobalIDString = 830CBCEE25117332003126D2;
			remoteInfo = AudioApp;
		};
/* End PBXContainerItemProxy section */

/* Begin PBXFileReference section */
		830CBCEF25117332003126D2 /* AudioApp.app */ = {isa = PBXFileReference; explicitFileType = wrapper.application; includeInIndex = 0; path = AudioApp.app; sourceTree = BUILT_PRODUCTS_DIR; };
		830CBCF225117332003126D2 /* AppDelegate.swift */ = {isa = PBXFileReference; lastKnownFileType = sourcecode.swift; path = AppDelegate.swift; sourceTree = "<group>"; };
		830CBCF425117332003126D2 /* SceneDelegate.swift */ = {isa = PBXFileReference; lastKnownFileType = sourcecode.swift; path = SceneDelegate.swift; sourceTree = "<group>"; };
		830CBCF625117332003126D2 /* ViewController.swift */ = {isa = PBXFileReference; lastKnownFileType = sourcecode.swift; path = ViewController.swift; sourceTree = "<group>"; };
		830CBCF925117332003126D2 /* Base */ = {isa = PBXFileReference; lastKnownFileType = file.storyboard; name = Base; path = Base.lproj/Main.storyboard; sourceTree = "<group>"; };
		830CBCFB25117332003126D2 /* Assets.xcassets */ = {isa = PBXFileReference; lastKnownFileType = folder.assetcatalog; path = Assets.xcassets; sourceTree = "<group>"; };
		830CBCFE25117332003126D2 /* Base */ = {isa = PBXFileReference; lastKnownFileType = file.storyboard; name = Base; path = Base.lproj/LaunchScreen.storyboard; sourceTree = "<group>"; };
		830CBD0025117332003126D2 /* Info.plist */ = {isa = PBXFileReference; lastKnownFileType = text.plist.xml; path = Info.plist; sourceTree = "<group>"; };
		830CBD0525117333003126D2 /* AudioAppTests.xctest */ = {isa = PBXFileReference; explicitFileType = wrapper.cfbundle; includeInIndex = 0; path = AudioAppTests.xctest; sourceTree = BUILT_PRODUCTS_DIR; };
		830CBD0925117333003126D2 /* AudioAppTests.swift */ = {isa = PBXFileReference; lastKnownFileType = sourcecode.swift; path = AudioAppTests.swift; sourceTree = "<group>"; };
		830CBD0B25117333003126D2 /* Info.plist */ = {isa = PBXFileReference; lastKnownFileType = text.plist.xml; path = Info.plist; sourceTree = "<group>"; };
		830CBD1025117333003126D2 /* AudioAppUITests.xctest */ = {isa = PBXFileReference; explicitFileType = wrapper.cfbundle; includeInIndex = 0; path = AudioAppUITests.xctest; sourceTree = BUILT_PRODUCTS_DIR; };
		830CBD1425117333003126D2 /* AudioAppUITests.swift */ = {isa = PBXFileReference; lastKnownFileType = sourcecode.swift; path = AudioAppUITests.swift; sourceTree = "<group>"; };
		830CBD1625117333003126D2 /* Info.plist */ = {isa = PBXFileReference; lastKnownFileType = text.plist.xml; path = Info.plist; sourceTree = "<group>"; };
/* End PBXFileReference section */

/* Begin PBXFrameworksBuildPhase section */
		830CBCEC25117332003126D2 /* Frameworks */ = {
			isa = PBXFrameworksBuildPhase;
			buildActionMask = 2147483647;
			files = (
			);
			runOnlyForDeploymentPostprocessing = 0;
		};
		830CBD0225117333003126D2 /* Frameworks */ = {
			isa = PBXFrameworksBuildPhase;
			buildActionMask = 2147483647;
			files = (
			);
			runOnlyForDeploymentPostprocessing = 0;
		};
		830CBD0D25117333003126D2 /* Frameworks */ = {
			isa = PBXFrameworksBuildPhase;
			buildActionMask = 2147483647;
			files = (
			);
			runOnlyForDeploymentPostprocessing = 0;
		};
/* End PBXFrameworksBuildPhase section */

/* Begin PBXGroup section */
		830CBCE625117332003126D2 = {
			isa = PBXGroup;
			children = (
				830CBCF125117332003126D2 /* AudioApp */,
				830CBD0825117333003126D2 /* AudioAppTests */,
				830CBD1325117333003126D2 /* AudioAppUITests */,
				830CBCF025117332003126D2 /* Products */,
			);
			sourceTree = "<group>";
		};
		830CBCF025117332003126D2 /* Products */ = {
			isa = PBXGroup;
			children = (
				830CBCEF25117332003126D2 /* AudioApp.app */,
				830CBD0525117333003126D2 /* AudioAppTests.xctest */,
				830CBD1025117333003126D2 /* AudioAppUITests.xctest */,
			);
			name = Products;
			sourceTree = "<group>";
		};
		830CBCF125117332003126D2 /* AudioApp */ = {
			isa = PBXGroup;
			children = (
				830CBCF225117332003126D2 /* AppDelegate.swift */,
				830CBCF425117332003126D2 /* SceneDelegate.swift */,
				830CBCF625117332003126D2 /* ViewController.swift */,
				830CBCF825117332003126D2 /* Main.storyboard */,
				830CBCFB25117332003126D2 /* Assets.xcassets */,
				830CBCFD25117332003126D2 /* LaunchScreen.storyboard */,
				830CBD0025117332003126D2 /* Info.plist */,
			);
			path = AudioApp;
			sourceTree = "<group>";
		};
		830CBD0825117333003126D2 /* AudioAppTests */ = {
			isa = PBXGroup;
			children = (
				830CBD0925117333003126D2 /* AudioAppTests.swift */,
				830CBD0B25117333003126D2 /* Info.plist */,
			);
			path = AudioAppTests;
			sourceTree = "<group>";
		};
		830CBD1325117333003126D2 /* AudioAppUITests */ = {
			isa = PBXGroup;
			children = (
				830CBD1425117333003126D2 /* AudioAppUITests.swift */,
				830CBD1625117333003126D2 /* Info.plist */,
			);
			path = AudioAppUITests;
			sourceTree = "<group>";
		};
/* End PBXGroup section */

/* Begin PBXNativeTarget section */
		830CBCEE25117332003126D2 /* AudioApp */ = {
			isa = PBXNativeTarget;
			buildConfigurationList = 830CBD1925117333003126D2 /* Build configuration list for PBXNativeTarget "AudioApp" */;
			buildPhases = (
				830CBCEB25117332003126D2 /* Sources */,
				830CBCEC25117332003126D2 /* Frameworks */,
				830CBCED25117332003126D2 /* Resources */,
			);
			buildRules = (
			);
			dependencies = (
			);
			name = AudioApp;
			productName = AudioApp;
			productReference = 830CBCEF25117332003126D2 /* AudioApp.app */;
			productType = "com.apple.product-type.application";
		};
		830CBD0425117333003126D2 /* AudioAppTests */ = {
			isa = PBXNativeTarget;
			buildConfigurationList = 830CBD1C25117333003126D2 /* Build configuration list for PBXNativeTarget "AudioAppTests" */;
			buildPhases = (
				830CBD0125117333003126D2 /* Sources */,
				830CBD0225117333003126D2 /* Frameworks */,
				830CBD0325117333003126D2 /* Resources */,
			);
			buildRules = (
			);
			dependencies = (
				830CBD0725117333003126D2 /* PBXTargetDependency */,
			);
			name = AudioAppTests;
			productName = AudioAppTests;
			productReference = 830CBD0525117333003126D2 /* AudioAppTests.xctest */;
			productType = "com.apple.product-type.bundle.unit-test";
		};
		830CBD0F25117333003126D2 /* AudioAppUITests */ = {
			isa = PBXNativeTarget;
			buildConfigurationList = 830CBD1F25117333003126D2 /* Build configuration list for PBXNativeTarget "AudioAppUITests" */;
			buildPhases = (
				830CBD0C25117333003126D2 /* Sources */,
				830CBD0D25117333003126D2 /* Frameworks */,
				830CBD0E25117333003126D2 /* Resources */,
			);
			buildRules = (
			);
			dependencies = (
				830CBD1225117333003126D2 /* PBXTargetDependency */,
			);
			name = AudioAppUITests;
			productName = AudioAppUITests;
			productReference = 830CBD1025117333003126D2 /* AudioAppUITests.xctest */;
			productType = "com.apple.product-type.bundle.ui-testing";
		};
/* End PBXNativeTarget section */

/* Begin PBXProject section */
		830CBCE725117332003126D2 /* Project object */ = {
			isa = PBXProject;
			attributes = {
				LastSwiftUpdateCheck = 1170;
				LastUpgradeCheck = 1170;
				ORGANIZATIONNAME = "Charles Sayre";
				TargetAttributes = {
					830CBCEE25117332003126D2 = {
						CreatedOnToolsVersion = 11.7;
					};
					830CBD0425117333003126D2 = {
						CreatedOnToolsVersion = 11.7;
						TestTargetID = 830CBCEE25117332003126D2;
					};
					830CBD0F25117333003126D2 = {
						CreatedOnToolsVersion = 11.7;
						TestTargetID = 830CBCEE25117332003126D2;
					};
				};
			};
			buildConfigurationList = 830CBCEA25117332003126D2 /* Build configuration list for PBXProject "AudioApp" */;
			compatibilityVersion = "Xcode 9.3";
			developmentRegion = en;
			hasScannedForEncodings = 0;
			knownRegions = (
				en,
				Base,
			);
			mainGroup = 830CBCE625117332003126D2;
			productRefGroup = 830CBCF025117332003126D2 /* Products */;
			projectDirPath = "";
			projectRoot = "";
			targets = (
				830CBCEE25117332003126D2 /* AudioApp */,
				830CBD0425117333003126D2 /* AudioAppTests */,
				830CBD0F25117333003126D2 /* AudioAppUITests */,
			);
		};
/* End PBXProject section */

/* Begin PBXResourcesBuildPhase section */
		830CBCED25117332003126D2 /* Resources */ = {
			isa = PBXResourcesBuildPhase;
			buildActionMask = 2147483647;
			files = (
				830CBCFF25117332003126D2 /* LaunchScreen.storyboard in Resources */,
				830CBCFC25117332003126D2 /* Assets.xcassets in Resources */,
				830CBCFA25117332003126D2 /* Main.storyboard in Resources */,
			);
			runOnlyForDeploymentPostprocessing = 0;
		};
		830CBD0325117333003126D2 /* Resources */ = {
			isa = PBXResourcesBuildPhase;
			buildActionMask = 2147483647;
			files = (
			);
			runOnlyForDeploymentPostprocessing = 0;
		};
		830CBD0E25117333003126D2 /* Resources */ = {
			isa = PBXResourcesBuildPhase;
			buildActionMask = 2147483647;
			files = (
			);
			runOnlyForDeploymentPostprocessing = 0;
		};
/* End PBXResourcesBuildPhase section */

/* Begin PBXSourcesBuildPhase section */
		830CBCEB25117332003126D2 /* Sources */ = {
			isa = PBXSourcesBuildPhase;
			buildActionMask = 2147483647;
			files = (
				830CBCF725117332003126D2 /* ViewController.swift in Sources */,
				830CBCF325117332003126D2 /* AppDelegate.swift in Sources */,
				830CBCF525117332003126D2 /* SceneDelegate.swift in Sources */,
			);
			runOnlyForDeploymentPostprocessing = 0;
		};
		830CBD0125117333003126D2 /* Sources */ = {
			isa = PBXSourcesBuildPhase;
			buildActionMask = 2147483647;
			files = (
				830CBD0A25117333003126D2 /* AudioAppTests.swift in Sources */,
			);
			runOnlyForDeploymentPostprocessing = 0;
		};
		830CBD0C25117333003126D2 /* Sources */ = {
			isa = PBXSourcesBuildPhase;
			buildActionMask = 2147483647;
			files = (
				830CBD1525117333003126D2 /* AudioAppUITests.swift in Sources */,
			);
			runOnlyForDeploymentPostprocessing = 0;
		};
/* End PBXSourcesBuildPhase section */

/* Begin PBXTargetDependency section */
		830CBD0725117333003126D2 /* PBXTargetDependency */ = {
			isa = PBXTargetDependency;
			target = 830CBCEE25117332003126D2 /* AudioApp */;
			targetProxy = 830CBD0625117333003126D2 /* PBXContainerItemProxy */;
		};
		830CBD1225117333003126D2 /* PBXTargetDependency */ = {
			isa = PBXTargetDependency;
			target = 830CBCEE25117332003126D2 /* AudioApp */;
			targetProxy = 830CBD1125117333003126D2 /* PBXContainerItemProxy */;
		};
/* End PBXTargetDependency section */

/* Begin PBXVariantGroup section */
		830CBCF825117332003126D2 /* Main.storyboard */ = {
			isa = PBXVariantGroup;
			children = (
				830CBCF925117332003126D2 /* Base */,
			);
			name = Main.storyboard;
			sourceTree = "<group>";
		};
		830CBCFD25117332003126D2 /* LaunchScreen.storyboard */ = {
			isa = PBXVariantGroup;
			children = (
				830CBCFE25117332003126D2 /* Base */,
			);
			name = LaunchScreen.storyboard;
			sourceTree = "<group>";
		};
/* End PBXVariantGroup section */

/* Begin XCBuildConfiguration section */
		830CBD1725117333003126D2 /* Debug */ = {
			isa = XCBuildConfiguration;
			buildSettings = {
				ALWAYS_SEARCH_USER_PATHS = NO;
				CLANG_ANALYZER_NONNULL = YES;
				CLANG_ANALYZER_NUMBER_OBJECT_CONVERSION = YES_AGGRESSIVE;
				CLANG_CXX_LANGUAGE_STANDARD = "gnu++14";
				CLANG_CXX_LIBRARY = "libc++";
				CLANG_ENABLE_MODULES = YES;
				CLANG_ENABLE_OBJC_ARC = YES;
				CLANG_ENABLE_OBJC_WEAK = YES;
				CLANG_WARN_BLOCK_CAPTURE_AUTORELEASING = YES;
				CLANG_WARN_BOOL_CONVERSION = YES;
				CLANG_WARN_COMMA = YES;
				CLANG_WARN_CONSTANT_CONVERSION = YES;
				CLANG_WARN_DEPRECATED_OBJC_IMPLEMENTATIONS = YES;
				CLANG_WARN_DIRECT_OBJC_ISA_USAGE = YES_ERROR;
				CLANG_WARN_DOCUMENTATION_COMMENTS = YES;
				CLANG_WARN_EMPTY_BODY = YES;
				CLANG_WARN_ENUM_CONVERSION = YES;
				CLANG_WARN_INFINITE_RECURSION = YES;
				CLANG_WARN_INT_CONVERSION = YES;
				CLANG_WARN_NON_LITERAL_NULL_CONVERSION = YES;
				CLANG_WARN_OBJC_IMPLICIT_RETAIN_SELF = YES;
				CLANG_WARN_OBJC_LITERAL_CONVERSION = YES;
				CLANG_WARN_OBJC_ROOT_CLASS = YES_ERROR;
				CLANG_WARN_RANGE_LOOP_ANALYSIS = YES;
				CLANG_WARN_STRICT_PROTOTYPES = YES;
				CLANG_WARN_SUSPICIOUS_MOVE = YES;
				CLANG_WARN_UNGUARDED_AVAILABILITY = YES_AGGRESSIVE;
				CLANG_WARN_UNREACHABLE_CODE = YES;
				CLANG_WARN__DUPLICATE_METHOD_MATCH = YES;
				COPY_PHASE_STRIP = NO;
				DEBUG_INFORMATION_FORMAT = dwarf;
				ENABLE_STRICT_OBJC_MSGSEND = YES;
				ENABLE_TESTABILITY = YES;
				GCC_C_LANGUAGE_STANDARD = gnu11;
				GCC_DYNAMIC_NO_PIC = NO;
				GCC_NO_COMMON_BLOCKS = YES;
				GCC_OPTIMIZATION_LEVEL = 0;
				GCC_PREPROCESSOR_DEFINITIONS = (
					"DEBUG=1",
					"$(inherited)",
				);
				GCC_WARN_64_TO_32_BIT_CONVERSION = YES;
				GCC_WARN_ABOUT_RETURN_TYPE = YES_ERROR;
				GCC_WARN_UNDECLARED_SELECTOR = YES;
				GCC_WARN_UNINITIALIZED_AUTOS = YES_AGGRESSIVE;
				GCC_WARN_UNUSED_FUNCTION = YES;
				GCC_WARN_UNUSED_VARIABLE = YES;
				IPHONEOS_DEPLOYMENT_TARGET = 13.7;
				MTL_ENABLE_DEBUG_INFO = INCLUDE_SOURCE;
				MTL_FAST_MATH = YES;
				ONLY_ACTIVE_ARCH = YES;
				SDKROOT = iphoneos;
				SWIFT_ACTIVE_COMPILATION_CONDITIONS = DEBUG;
				SWIFT_OPTIMIZATION_LEVEL = "-Onone";
			};
			name = Debug;
		};
		830CBD1825117333003126D2 /* Release */ = {
			isa = XCBuildConfiguration;
			buildSettings = {
				ALWAYS_SEARCH_USER_PATHS = NO;
				CLANG_ANALYZER_NONNULL = YES;
				CLANG_ANALYZER_NUMBER_OBJECT_CONVERSION = YES_AGGRESSIVE;
				CLANG_CXX_LANGUAGE_STANDARD = "gnu++14";
				CLANG_CXX_LIBRARY = "libc++";
				CLANG_ENABLE_MODULES = YES;
				CLANG_ENABLE_OBJC_ARC = YES;
				CLANG_ENABLE_OBJC_WEAK = YES;
				CLANG_WARN_BLOCK_CAPTURE_AUTORELEASING = YES;
				CLANG_WARN_BOOL_CONVERSION = YES;
				CLANG_WARN_COMMA = YES;
				CLANG_WARN_CONSTANT_CONVERSION = YES;
				CLANG_WARN_DEPRECATED_OBJC_IMPLEMENTATIONS = YES;
				CLANG_WARN_DIRECT_OBJC_ISA_USAGE = YES_ERROR;
				CLANG_WARN_DOCUMENTATION_COMMENTS = YES;
				CLANG_WARN_EMPTY_BODY = YES;
				CLANG_WARN_ENUM_CONVERSION = YES;
				CLANG_WARN_INFINITE_RECURSION = YES;
				CLANG_WARN_INT_CONVERSION = YES;
				CLANG_WARN_NON_LITERAL_NULL_CONVERSION = YES;
				CLANG_WARN_OBJC_IMPLICIT_RETAIN_SELF = YES;
				CLANG_WARN_OBJC_LITERAL_CONVERSION = YES;
				CLANG_WARN_OBJC_ROOT_CLASS = YES_ERROR;
				CLANG_WARN_RANGE_LOOP_ANALYSIS = YES;
				CLANG_WARN_STRICT_PROTOTYPES = YES;
				CLANG_WARN_SUSPICIOUS_MOVE = YES;
				CLANG_WARN_UNGUARDED_AVAILABILITY = YES_AGGRESSIVE;
				CLANG_WARN_UNREACHABLE_CODE = YES;
				CLANG_WARN__DUPLICATE_METHOD_MATCH = YES;
				COPY_PHASE_STRIP = NO;
				DEBUG_INFORMATION_FORMAT = "dwarf-with-dsym";
				ENABLE_NS_ASSERTIONS = NO;
				ENABLE_STRICT_OBJC_MSGSEND = YES;
				GCC_C_LANGUAGE_STANDARD = gnu11;
				GCC_NO_COMMON_BLOCKS = YES;
				GCC_WARN_64_TO_32_BIT_CONVERSION = YES;
				GCC_WARN_ABOUT_RETURN_TYPE = YES_ERROR;
				GCC_WARN_UNDECLARED_SELECTOR = YES;
				GCC_WARN_UNINITIALIZED_AUTOS = YES_AGGRESSIVE;
				GCC_WARN_UNUSED_FUNCTION = YES;
				GCC_WARN_UNUSED_VARIABLE = YES;
				IPHONEOS_DEPLOYMENT_TARGET = 13.7;
				MTL_ENABLE_DEBUG_INFO = NO;
				MTL_FAST_MATH = YES;
				SDKROOT = iphoneos;
				SWIFT_COMPILATION_MODE = wholemodule;
				SWIFT_OPTIMIZATION_LEVEL = "-O";
				VALIDATE_PRODUCT = YES;
			};
			name = Release;
		};
		830CBD1A25117333003126D2 /* Debug */ = {
			isa = XCBuildConfiguration;
			buildSettings = {
				ASSETCATALOG_COMPILER_APPICON_NAME = AppIcon;
				CODE_SIGN_STYLE = Automatic;
				INFOPLIST_FILE = AudioApp/Info.plist;
				LD_RUNPATH_SEARCH_PATHS = (
					"$(inherited)",
					"@executable_path/Frameworks",
				);
				PRODUCT_BUNDLE_IDENTIFIER = SMU.AudioApp;
				PRODUCT_NAME = "$(TARGET_NAME)";
				SWIFT_VERSION = 5.0;
				TARGETED_DEVICE_FAMILY = "1,2";
			};
			name = Debug;
		};
		830CBD1B25117333003126D2 /* Release */ = {
			isa = XCBuildConfiguration;
			buildSettings = {
				ASSETCATALOG_COMPILER_APPICON_NAME = AppIcon;
				CODE_SIGN_STYLE = Automatic;
				INFOPLIST_FILE = AudioApp/Info.plist;
				LD_RUNPATH_SEARCH_PATHS = (
					"$(inherited)",
					"@executable_path/Frameworks",
				);
				PRODUCT_BUNDLE_IDENTIFIER = SMU.AudioApp;
				PRODUCT_NAME = "$(TARGET_NAME)";
				SWIFT_VERSION = 5.0;
				TARGETED_DEVICE_FAMILY = "1,2";
			};
			name = Release;
		};
		830CBD1D25117333003126D2 /* Debug */ = {
			isa = XCBuildConfiguration;
			buildSettings = {
				ALWAYS_EMBED_SWIFT_STANDARD_LIBRARIES = YES;
				BUNDLE_LOADER = "$(TEST_HOST)";
				CODE_SIGN_STYLE = Automatic;
				INFOPLIST_FILE = AudioAppTests/Info.plist;
				IPHONEOS_DEPLOYMENT_TARGET = 13.7;
				LD_RUNPATH_SEARCH_PATHS = (
					"$(inherited)",
					"@executable_path/Frameworks",
					"@loader_path/Frameworks",
				);
				PRODUCT_BUNDLE_IDENTIFIER = SMU.AudioAppTests;
				PRODUCT_NAME = "$(TARGET_NAME)";
				SWIFT_VERSION = 5.0;
				TARGETED_DEVICE_FAMILY = "1,2";
				TEST_HOST = "$(BUILT_PRODUCTS_DIR)/AudioApp.app/AudioApp";
			};
			name = Debug;
		};
		830CBD1E25117333003126D2 /* Release */ = {
			isa = XCBuildConfiguration;
			buildSettings = {
				ALWAYS_EMBED_SWIFT_STANDARD_LIBRARIES = YES;
				BUNDLE_LOADER = "$(TEST_HOST)";
				CODE_SIGN_STYLE = Automatic;
				INFOPLIST_FILE = AudioAppTests/Info.plist;
				IPHONEOS_DEPLOYMENT_TARGET = 13.7;
				LD_RUNPATH_SEARCH_PATHS = (
					"$(inherited)",
					"@executable_path/Frameworks",
					"@loader_path/Frameworks",
				);
				PRODUCT_BUNDLE_IDENTIFIER = SMU.AudioAppTests;
				PRODUCT_NAME = "$(TARGET_NAME)";
				SWIFT_VERSION = 5.0;
				TARGETED_DEVICE_FAMILY = "1,2";
				TEST_HOST = "$(BUILT_PRODUCTS_DIR)/AudioApp.app/AudioApp";
			};
			name = Release;
		};
		830CBD2025117333003126D2 /* Debug */ = {
			isa = XCBuildConfiguration;
			buildSettings = {
				ALWAYS_EMBED_SWIFT_STANDARD_LIBRARIES = YES;
				CODE_SIGN_STYLE = Automatic;
				INFOPLIST_FILE = AudioAppUITests/Info.plist;
				LD_RUNPATH_SEARCH_PATHS = (
					"$(inherited)",
					"@executable_path/Frameworks",
					"@loader_path/Frameworks",
				);
				PRODUCT_BUNDLE_IDENTIFIER = SMU.AudioAppUITests;
				PRODUCT_NAME = "$(TARGET_NAME)";
				SWIFT_VERSION = 5.0;
				TARGETED_DEVICE_FAMILY = "1,2";
				TEST_TARGET_NAME = AudioApp;
			};
			name = Debug;
		};
		830CBD2125117333003126D2 /* Release */ = {
			isa = XCBuildConfiguration;
			buildSettings = {
				ALWAYS_EMBED_SWIFT_STANDARD_LIBRARIES = YES;
				CODE_SIGN_STYLE = Automatic;
				INFOPLIST_FILE = AudioAppUITests/Info.plist;
				LD_RUNPATH_SEARCH_PATHS = (
					"$(inherited)",
					"@executable_path/Frameworks",
					"@loader_path/Frameworks",
				);
				PRODUCT_BUNDLE_IDENTIFIER = SMU.AudioAppUITests;
				PRODUCT_NAME = "$(TARGET_NAME)";
				SWIFT_VERSION = 5.0;
				TARGETED_DEVICE_FAMILY = "1,2";
				TEST_TARGET_NAME = AudioApp;
			};
			name = Release;
		};
/* End XCBuildConfiguration section */

/* Begin XCConfigurationList section */
		830CBCEA25117332003126D2 /* Build configuration list for PBXProject "AudioApp" */ = {
			isa = XCConfigurationList;
			buildConfigurations = (
				830CBD1725117333003126D2 /* Debug */,
				830CBD1825117333003126D2 /* Release */,
			);
			defaultConfigurationIsVisible = 0;
			defaultConfigurationName = Release;
		};
		830CBD1925117333003126D2 /* Build configuration list for PBXNativeTarget "AudioApp" */ = {
			isa = XCConfigurationList;
			buildConfigurations = (
				830CBD1A25117333003126D2 /* Debug */,
				830CBD1B25117333003126D2 /* Release */,
			);
			defaultConfigurationIsVisible = 0;
			defaultConfigurationName = Release;
		};
		830CBD1C25117333003126D2 /* Build configuration list for PBXNativeTarget "AudioAppTests" */ = {
			isa = XCConfigurationList;
			buildConfigurations = (
				830CBD1D25117333003126D2 /* Debug */,
				830CBD1E25117333003126D2 /* Release */,
			);
			defaultConfigurationIsVisible = 0;
			defaultConfigurationName = Release;
		};
		830CBD1F25117333003126D2 /* Build configuration list for PBXNativeTarget "AudioAppUITests" */ = {
			isa = XCConfigurationList;
			buildConfigurations = (
				830CBD2025117333003126D2 /* Debug */,
				830CBD2125117333003126D2 /* Release */,
			);
			defaultConfigurationIsVisible = 0;
			defaultConfigurationName = Release;
		};
/* End XCConfigurationList section */
	};
	rootObject = 830CBCE725117332003126D2 /* Project object */;
}
